
Microsoft Visual Studio Solution File, Format Version 12.00
# Visual Studio Version 16
VisualStudioVersion = 16.0.29509.3
MinimumVisualStudioVersion = 10.0.40219.1
Project("{FAE04EC0-301F-11D3-BF4B-00C04F79EFBC}") = "VSThemeProject1", "VSThemeProject1.csproj", "{793C9C0D-36EB-4C97-8D06-545C7214F9DB}"
EndProject
Global
	GlobalSection(SolutionConfigurationPlatforms) = preSolution
		Debug|Any CPU = Debug|Any CPU
		Release|Any CPU = Release|Any CPU
	EndGlobalSection
	GlobalSection(ProjectConfigurationPlatforms) = postSolution
		{793C9C0D-36EB-4C97-8D06-545C7214F9DB}.Debug|Any CPU.ActiveCfg = Debug|Any CPU
		{793C9C0D-36EB-4C97-8D06-545C7214F9DB}.Debug|Any CPU.Build.0 = Debug|Any CPU
		{793C9C0D-36EB-4C97-8D06-545C7214F9DB}.Release|Any CPU.ActiveCfg = Release|Any CPU
		{793C9C0D-36EB-4C97-8D06-545C7214F9DB}.Release|Any CPU.Build.0 = Release|Any CPU
	EndGlobalSection
	GlobalSection(SolutionProperties) = preSolution
		HideSolutionNode = FALSE
	EndGlobalSection
	GlobalSection(ExtensibilityGlobals) = postSolution
		SolutionGuid = {9CFBEE3E-746A-41B1-9F0A-75EC5E048641}
	EndGlobalSection
EndGlobal
