
Microsoft Visual Studio Solution File, Format Version 12.00
# Visual Studio 15
VisualStudioVersion = 15.0.28307.136
MinimumVisualStudioVersion = 10.0.40219.1
Project("{FAE04EC0-301F-11D3-BF4B-00C04F79EFBC}") = "CountPages", "CountPages.csproj", "{0DE15D4C-5DAF-48C8-A235-83B5727CFABD}"
EndProject
Global
	GlobalSection(SolutionConfigurationPlatforms) = preSolution
		Debug|Any CPU = Debug|Any CPU
		Release|Any CPU = Release|Any CPU
	EndGlobalSection
	GlobalSection(ProjectConfigurationPlatforms) = postSolution
		{0DE15D4C-5DAF-48C8-A235-83B5727CFABD}.Debug|Any CPU.ActiveCfg = Debug|Any CPU
		{0DE15D4C-5DAF-48C8-A235-83B5727CFABD}.Debug|Any CPU.Build.0 = Debug|Any CPU
		{0DE15D4C-5DAF-48C8-A235-83B5727CFABD}.Release|Any CPU.ActiveCfg = Release|Any CPU
		{0DE15D4C-5DAF-48C8-A235-83B5727CFABD}.Release|Any CPU.Build.0 = Release|Any CPU
	EndGlobalSection
	GlobalSection(SolutionProperties) = preSolution
		HideSolutionNode = FALSE
	EndGlobalSection
	GlobalSection(ExtensibilityGlobals) = postSolution
		SolutionGuid = {CEEF78CC-324A-432B-9532-1EB4ACF4BDE6}
	EndGlobalSection
EndGlobal
